
Microsoft Visual Studio Solution File, Format Version 12.00
# Visual Studio Version 17
VisualStudioVersion = 17.9.34622.214
MinimumVisualStudioVersion = 10.0.40219.1
Project("{FAE04EC0-301F-11D3-BF4B-00C04F79EFBC}") = "AnotherBindingDemoForGithub", "AnotherBindingDemoForGithub.csproj", "{32769667-9390-463F-BC08-04E24AB85194}"
EndProject
Global
	GlobalSection(SolutionConfigurationPlatforms) = preSolution
		Debug|Any CPU = Debug|Any CPU
		Release|Any CPU = Release|Any CPU
	EndGlobalSection
	GlobalSection(ProjectConfigurationPlatforms) = postSolution
		{32769667-9390-463F-BC08-04E24AB85194}.Debug|Any CPU.ActiveCfg = Debug|Any CPU
		{32769667-9390-463F-BC08-04E24AB85194}.Debug|Any CPU.Build.0 = Debug|Any CPU
		{32769667-9390-463F-BC08-04E24AB85194}.Release|Any CPU.ActiveCfg = Release|Any CPU
		{32769667-9390-463F-BC08-04E24AB85194}.Release|Any CPU.Build.0 = Release|Any CPU
	EndGlobalSection
	GlobalSection(SolutionProperties) = preSolution
		HideSolutionNode = FALSE
	EndGlobalSection
	GlobalSection(ExtensibilityGlobals) = postSolution
		SolutionGuid = {42B44865-9D89-41C3-95C1-E9C77BC83EEC}
	EndGlobalSection
EndGlobal
